// !$*UTF8*$!
{
	archiveVersion = 1;
	classes = {
	};
	objectVersion = 56;
	objects = {

/* Begin PBXBuildFile section */
		C364EAA12AEF11D000C85231 /* Home.swift in Sources */ = {isa = PBXBuildFile; fileRef = C364EAA02AEF11D000C85231 /* Home.swift */; };
		C364EAA32AEF126A00C85231 /* StoryList.swift in Sources */ = {isa = PBXBuildFile; fileRef = C364EAA22AEF126A00C85231 /* StoryList.swift */; };
		C3656B0D2B114127009FAFBA /* ModelData.swift in Sources */ = {isa = PBXBuildFile; fileRef = C3656B0C2B114127009FAFBA /* ModelData.swift */; };
		C3656B0F2B114347009FAFBA /* stories.json in Resources */ = {isa = PBXBuildFile; fileRef = C3656B0E2B114347009FAFBA /* stories.json */; };
		C3656B132B11488D009FAFBA /* Story.swift in Sources */ = {isa = PBXBuildFile; fileRef = C3656B122B11488D009FAFBA /* Story.swift */; };
		C3656B152B1148B0009FAFBA /* StoryDetails.swift in Sources */ = {isa = PBXBuildFile; fileRef = C3656B142B1148B0009FAFBA /* StoryDetails.swift */; };
		C3656B192B1255A7009FAFBA /* User.swift in Sources */ = {isa = PBXBuildFile; fileRef = C3656B182B1255A7009FAFBA /* User.swift */; };
		C3656B1B2B1259AD009FAFBA /* CreateStory.swift in Sources */ = {isa = PBXBuildFile; fileRef = C3656B1A2B1259AD009FAFBA /* CreateStory.swift */; };
		C3656B1D2B125B0C009FAFBA /* Prompt.swift in Sources */ = {isa = PBXBuildFile; fileRef = C3656B1C2B125B0C009FAFBA /* Prompt.swift */; };
		C3656B262B1265D4009FAFBA /* prompts.json in Resources */ = {isa = PBXBuildFile; fileRef = C3656B242B1265D4009FAFBA /* prompts.json */; };
		C3656B272B1265D4009FAFBA /* user.json in Resources */ = {isa = PBXBuildFile; fileRef = C3656B252B1265D4009FAFBA /* user.json */; };
		C3E5C9A92AE5814B000D758C /* MemoryApp.swift in Sources */ = {isa = PBXBuildFile; fileRef = C3E5C9A82AE5814B000D758C /* MemoryApp.swift */; };
		C3E5C9AB2AE5814B000D758C /* ContentView.swift in Sources */ = {isa = PBXBuildFile; fileRef = C3E5C9AA2AE5814B000D758C /* ContentView.swift */; };
		C3E5C9AD2AE5814C000D758C /* Assets.xcassets in Resources */ = {isa = PBXBuildFile; fileRef = C3E5C9AC2AE5814C000D758C /* Assets.xcassets */; };
		C3E5C9B02AE5814C000D758C /* Preview Assets.xcassets in Resources */ = {isa = PBXBuildFile; fileRef = C3E5C9AF2AE5814C000D758C /* Preview Assets.xcassets */; };
		C3E5C9BA2AE5814C000D758C /* MemoryTests.swift in Sources */ = {isa = PBXBuildFile; fileRef = C3E5C9B92AE5814C000D758C /* MemoryTests.swift */; };
		C3E5C9C42AE5814C000D758C /* MemoryUITests.swift in Sources */ = {isa = PBXBuildFile; fileRef = C3E5C9C32AE5814C000D758C /* MemoryUITests.swift */; };
		C3E5C9C62AE5814C000D758C /* MemoryUITestsLaunchTests.swift in Sources */ = {isa = PBXBuildFile; fileRef = C3E5C9C52AE5814C000D758C /* MemoryUITestsLaunchTests.swift */; };
		C3E5C9D32AE58638000D758C /* MapView.swift in Sources */ = {isa = PBXBuildFile; fileRef = C3E5C9D22AE58638000D758C /* MapView.swift */; };
		C3E5C9D52AE5D5CE000D758C /* Profile.swift in Sources */ = {isa = PBXBuildFile; fileRef = C3E5C9D42AE5D5CE000D758C /* Profile.swift */; };
/* End PBXBuildFile section */

/* Begin PBXContainerItemProxy section */
		C3E5C9B62AE5814C000D758C /* PBXContainerItemProxy */ = {
			isa = PBXContainerItemProxy;
			containerPortal = C3E5C99D2AE5814B000D758C /* Project object */;
			proxyType = 1;
			remoteGlobalIDString = C3E5C9A42AE5814B000D758C;
			remoteInfo = Memory;
		};
		C3E5C9C02AE5814C000D758C /* PBXContainerItemProxy */ = {
			isa = PBXContainerItemProxy;
			containerPortal = C3E5C99D2AE5814B000D758C /* Project object */;
			proxyType = 1;
			remoteGlobalIDString = C3E5C9A42AE5814B000D758C;
			remoteInfo = Memory;
		};
/* End PBXContainerItemProxy section */

/* Begin PBXFileReference section */
		C364EAA02AEF11D000C85231 /* Home.swift */ = {isa = PBXFileReference; lastKnownFileType = sourcecode.swift; path = Home.swift; sourceTree = "<group>"; };
		C364EAA22AEF126A00C85231 /* StoryList.swift */ = {isa = PBXFileReference; lastKnownFileType = sourcecode.swift; path = StoryList.swift; sourceTree = "<group>"; };
		C3656B0C2B114127009FAFBA /* ModelData.swift */ = {isa = PBXFileReference; lastKnownFileType = sourcecode.swift; path = ModelData.swift; sourceTree = "<group>"; };
		C3656B0E2B114347009FAFBA /* stories.json */ = {isa = PBXFileReference; fileEncoding = 4; lastKnownFileType = text.json; name = stories.json; path = Memory/Resources/stories.json; sourceTree = SOURCE_ROOT; };
		C3656B122B11488D009FAFBA /* Story.swift */ = {isa = PBXFileReference; lastKnownFileType = sourcecode.swift; path = Story.swift; sourceTree = "<group>"; };
		C3656B142B1148B0009FAFBA /* StoryDetails.swift */ = {isa = PBXFileReference; lastKnownFileType = sourcecode.swift; path = StoryDetails.swift; sourceTree = "<group>"; };
		C3656B182B1255A7009FAFBA /* User.swift */ = {isa = PBXFileReference; lastKnownFileType = sourcecode.swift; path = User.swift; sourceTree = "<group>"; };
		C3656B1A2B1259AD009FAFBA /* CreateStory.swift */ = {isa = PBXFileReference; lastKnownFileType = sourcecode.swift; path = CreateStory.swift; sourceTree = "<group>"; };
		C3656B1C2B125B0C009FAFBA /* Prompt.swift */ = {isa = PBXFileReference; lastKnownFileType = sourcecode.swift; path = Prompt.swift; sourceTree = "<group>"; };
		C3656B242B1265D4009FAFBA /* prompts.json */ = {isa = PBXFileReference; fileEncoding = 4; lastKnownFileType = text.json; path = prompts.json; sourceTree = "<group>"; };
		C3656B252B1265D4009FAFBA /* user.json */ = {isa = PBXFileReference; fileEncoding = 4; lastKnownFileType = text.json; path = user.json; sourceTree = "<group>"; };
		C3E5C9A52AE5814B000D758C /* Memory.app */ = {isa = PBXFileReference; explicitFileType = wrapper.application; includeInIndex = 0; path = Memory.app; sourceTree = BUILT_PRODUCTS_DIR; };
		C3E5C9A82AE5814B000D758C /* MemoryApp.swift */ = {isa = PBXFileReference; lastKnownFileType = sourcecode.swift; path = MemoryApp.swift; sourceTree = "<group>"; };
		C3E5C9AA2AE5814B000D758C /* ContentView.swift */ = {isa = PBXFileReference; lastKnownFileType = sourcecode.swift; path = ContentView.swift; sourceTree = "<group>"; };
		C3E5C9AC2AE5814C000D758C /* Assets.xcassets */ = {isa = PBXFileReference; lastKnownFileType = folder.assetcatalog; path = Assets.xcassets; sourceTree = "<group>"; };
		C3E5C9AF2AE5814C000D758C /* Preview Assets.xcassets */ = {isa = PBXFileReference; lastKnownFileType = folder.assetcatalog; path = "Preview Assets.xcassets"; sourceTree = "<group>"; };
		C3E5C9B52AE5814C000D758C /* MemoryTests.xctest */ = {isa = PBXFileReference; explicitFileType = wrapper.cfbundle; includeInIndex = 0; path = MemoryTests.xctest; sourceTree = BUILT_PRODUCTS_DIR; };
		C3E5C9B92AE5814C000D758C /* MemoryTests.swift */ = {isa = PBXFileReference; lastKnownFileType = sourcecode.swift; path = MemoryTests.swift; sourceTree = "<group>"; };
		C3E5C9BF2AE5814C000D758C /* MemoryUITests.xctest */ = {isa = PBXFileReference; explicitFileType = wrapper.cfbundle; includeInIndex = 0; path = MemoryUITests.xctest; sourceTree = BUILT_PRODUCTS_DIR; };
		C3E5C9C32AE5814C000D758C /* MemoryUITests.swift */ = {isa = PBXFileReference; lastKnownFileType = sourcecode.swift; path = MemoryUITests.swift; sourceTree = "<group>"; };
		C3E5C9C52AE5814C000D758C /* MemoryUITestsLaunchTests.swift */ = {isa = PBXFileReference; lastKnownFileType = sourcecode.swift; path = MemoryUITestsLaunchTests.swift; sourceTree = "<group>"; };
		C3E5C9D22AE58638000D758C /* MapView.swift */ = {isa = PBXFileReference; lastKnownFileType = sourcecode.swift; path = MapView.swift; sourceTree = "<group>"; };
		C3E5C9D42AE5D5CE000D758C /* Profile.swift */ = {isa = PBXFileReference; lastKnownFileType = sourcecode.swift; path = Profile.swift; sourceTree = "<group>"; };
/* End PBXFileReference section */

/* Begin PBXFrameworksBuildPhase section */
		C3E5C9A22AE5814B000D758C /* Frameworks */ = {
			isa = PBXFrameworksBuildPhase;
			buildActionMask = 2147483647;
			files = (
			);
			runOnlyForDeploymentPostprocessing = 0;
		};
		C3E5C9B22AE5814C000D758C /* Frameworks */ = {
			isa = PBXFrameworksBuildPhase;
			buildActionMask = 2147483647;
			files = (
			);
			runOnlyForDeploymentPostprocessing = 0;
		};
		C3E5C9BC2AE5814C000D758C /* Frameworks */ = {
			isa = PBXFrameworksBuildPhase;
			buildActionMask = 2147483647;
			files = (
			);
			runOnlyForDeploymentPostprocessing = 0;
		};
/* End PBXFrameworksBuildPhase section */

/* Begin PBXGroup section */
		C364EA9F2AEF10FC00C85231 /* Views */ = {
			isa = PBXGroup;
			children = (
				C3E5C9D42AE5D5CE000D758C /* Profile.swift */,
				C364EAA22AEF126A00C85231 /* StoryList.swift */,
				C3656B142B1148B0009FAFBA /* StoryDetails.swift */,
				C364EAA02AEF11D000C85231 /* Home.swift */,
				C3656B1A2B1259AD009FAFBA /* CreateStory.swift */,
			);
			path = Views;
			sourceTree = "<group>";
		};
		C3656B102B1143E8009FAFBA /* Resources */ = {
			isa = PBXGroup;
			children = (
				C3656B242B1265D4009FAFBA /* prompts.json */,
				C3656B252B1265D4009FAFBA /* user.json */,
				C3656B0E2B114347009FAFBA /* stories.json */,
			);
			path = Resources;
			sourceTree = "<group>";
		};
		C3656B112B114433009FAFBA /* Model */ = {
			isa = PBXGroup;
			children = (
				C3656B0C2B114127009FAFBA /* ModelData.swift */,
				C3656B122B11488D009FAFBA /* Story.swift */,
				C3656B182B1255A7009FAFBA /* User.swift */,
				C3656B1C2B125B0C009FAFBA /* Prompt.swift */,
			);
			path = Model;
			sourceTree = "<group>";
		};
		C3E5C99C2AE5814B000D758C = {
			isa = PBXGroup;
			children = (
				C3E5C9A72AE5814B000D758C /* Memory */,
				C3E5C9B82AE5814C000D758C /* MemoryTests */,
				C3E5C9C22AE5814C000D758C /* MemoryUITests */,
				C3E5C9A62AE5814B000D758C /* Products */,
			);
			sourceTree = "<group>";
		};
		C3E5C9A62AE5814B000D758C /* Products */ = {
			isa = PBXGroup;
			children = (
				C3E5C9A52AE5814B000D758C /* Memory.app */,
				C3E5C9B52AE5814C000D758C /* MemoryTests.xctest */,
				C3E5C9BF2AE5814C000D758C /* MemoryUITests.xctest */,
			);
			name = Products;
			sourceTree = "<group>";
		};
		C3E5C9A72AE5814B000D758C /* Memory */ = {
			isa = PBXGroup;
			children = (
				C3656B102B1143E8009FAFBA /* Resources */,
				C364EA9F2AEF10FC00C85231 /* Views */,
				C3E5C9A82AE5814B000D758C /* MemoryApp.swift */,
				C3E5C9AA2AE5814B000D758C /* ContentView.swift */,
				C3E5C9AC2AE5814C000D758C /* Assets.xcassets */,
				C3E5C9AE2AE5814C000D758C /* Preview Content */,
				C3E5C9D22AE58638000D758C /* MapView.swift */,
				C3656B112B114433009FAFBA /* Model */,
			);
			path = Memory;
			sourceTree = "<group>";
		};
		C3E5C9AE2AE5814C000D758C /* Preview Content */ = {
			isa = PBXGroup;
			children = (
				C3E5C9AF2AE5814C000D758C /* Preview Assets.xcassets */,
			);
			path = "Preview Content";
			sourceTree = "<group>";
		};
		C3E5C9B82AE5814C000D758C /* MemoryTests */ = {
			isa = PBXGroup;
			children = (
				C3E5C9B92AE5814C000D758C /* MemoryTests.swift */,
			);
			path = MemoryTests;
			sourceTree = "<group>";
		};
		C3E5C9C22AE5814C000D758C /* MemoryUITests */ = {
			isa = PBXGroup;
			children = (
				C3E5C9C32AE5814C000D758C /* MemoryUITests.swift */,
				C3E5C9C52AE5814C000D758C /* MemoryUITestsLaunchTests.swift */,
			);
			path = MemoryUITests;
			sourceTree = "<group>";
		};
/* End PBXGroup section */

/* Begin PBXNativeTarget section */
		C3E5C9A42AE5814B000D758C /* Memory */ = {
			isa = PBXNativeTarget;
			buildConfigurationList = C3E5C9C92AE5814C000D758C /* Build configuration list for PBXNativeTarget "Memory" */;
			buildPhases = (
				C3E5C9A12AE5814B000D758C /* Sources */,
				C3E5C9A22AE5814B000D758C /* Frameworks */,
				C3E5C9A32AE5814B000D758C /* Resources */,
			);
			buildRules = (
			);
			dependencies = (
			);
			name = Memory;
			productName = Memory;
			productReference = C3E5C9A52AE5814B000D758C /* Memory.app */;
			productType = "com.apple.product-type.application";
		};
		C3E5C9B42AE5814C000D758C /* MemoryTests */ = {
			isa = PBXNativeTarget;
			buildConfigurationList = C3E5C9CC2AE5814C000D758C /* Build configuration list for PBXNativeTarget "MemoryTests" */;
			buildPhases = (
				C3E5C9B12AE5814C000D758C /* Sources */,
				C3E5C9B22AE5814C000D758C /* Frameworks */,
				C3E5C9B32AE5814C000D758C /* Resources */,
			);
			buildRules = (
			);
			dependencies = (
				C3E5C9B72AE5814C000D758C /* PBXTargetDependency */,
			);
			name = MemoryTests;
			productName = MemoryTests;
			productReference = C3E5C9B52AE5814C000D758C /* MemoryTests.xctest */;
			productType = "com.apple.product-type.bundle.unit-test";
		};
		C3E5C9BE2AE5814C000D758C /* MemoryUITests */ = {
			isa = PBXNativeTarget;
			buildConfigurationList = C3E5C9CF2AE5814C000D758C /* Build configuration list for PBXNativeTarget "MemoryUITests" */;
			buildPhases = (
				C3E5C9BB2AE5814C000D758C /* Sources */,
				C3E5C9BC2AE5814C000D758C /* Frameworks */,
				C3E5C9BD2AE5814C000D758C /* Resources */,
			);
			buildRules = (
			);
			dependencies = (
				C3E5C9C12AE5814C000D758C /* PBXTargetDependency */,
			);
			name = MemoryUITests;
			productName = MemoryUITests;
			productReference = C3E5C9BF2AE5814C000D758C /* MemoryUITests.xctest */;
			productType = "com.apple.product-type.bundle.ui-testing";
		};
/* End PBXNativeTarget section */

/* Begin PBXProject section */
		C3E5C99D2AE5814B000D758C /* Project object */ = {
			isa = PBXProject;
			attributes = {
				BuildIndependentTargetsInParallel = 1;
				LastSwiftUpdateCheck = 1500;
				LastUpgradeCheck = 1500;
				TargetAttributes = {
					C3E5C9A42AE5814B000D758C = {
						CreatedOnToolsVersion = 15.0.1;
					};
					C3E5C9B42AE5814C000D758C = {
						CreatedOnToolsVersion = 15.0.1;
						TestTargetID = C3E5C9A42AE5814B000D758C;
					};
					C3E5C9BE2AE5814C000D758C = {
						CreatedOnToolsVersion = 15.0.1;
						TestTargetID = C3E5C9A42AE5814B000D758C;
					};
				};
			};
			buildConfigurationList = C3E5C9A02AE5814B000D758C /* Build configuration list for PBXProject "Memory" */;
			compatibilityVersion = "Xcode 14.0";
			developmentRegion = en;
			hasScannedForEncodings = 0;
			knownRegions = (
				en,
				Base,
			);
			mainGroup = C3E5C99C2AE5814B000D758C;
			productRefGroup = C3E5C9A62AE5814B000D758C /* Products */;
			projectDirPath = "";
			projectRoot = "";
			targets = (
				C3E5C9A42AE5814B000D758C /* Memory */,
				C3E5C9B42AE5814C000D758C /* MemoryTests */,
				C3E5C9BE2AE5814C000D758C /* MemoryUITests */,
			);
		};
/* End PBXProject section */

/* Begin PBXResourcesBuildPhase section */
		C3E5C9A32AE5814B000D758C /* Resources */ = {
			isa = PBXResourcesBuildPhase;
			buildActionMask = 2147483647;
			files = (
				C3656B272B1265D4009FAFBA /* user.json in Resources */,
				C3656B0F2B114347009FAFBA /* stories.json in Resources */,
				C3E5C9B02AE5814C000D758C /* Preview Assets.xcassets in Resources */,
				C3656B262B1265D4009FAFBA /* prompts.json in Resources */,
				C3E5C9AD2AE5814C000D758C /* Assets.xcassets in Resources */,
			);
			runOnlyForDeploymentPostprocessing = 0;
		};
		C3E5C9B32AE5814C000D758C /* Resources */ = {
			isa = PBXResourcesBuildPhase;
			buildActionMask = 2147483647;
			files = (
			);
			runOnlyForDeploymentPostprocessing = 0;
		};
		C3E5C9BD2AE5814C000D758C /* Resources */ = {
			isa = PBXResourcesBuildPhase;
			buildActionMask = 2147483647;
			files = (
			);
			runOnlyForDeploymentPostprocessing = 0;
		};
/* End PBXResourcesBuildPhase section */

/* Begin PBXSourcesBuildPhase section */
		C3E5C9A12AE5814B000D758C /* Sources */ = {
			isa = PBXSourcesBuildPhase;
			buildActionMask = 2147483647;
			files = (
				C3E5C9AB2AE5814B000D758C /* ContentView.swift in Sources */,
				C3656B1D2B125B0C009FAFBA /* Prompt.swift in Sources */,
				C3656B192B1255A7009FAFBA /* User.swift in Sources */,
				C3E5C9D52AE5D5CE000D758C /* Profile.swift in Sources */,
				C364EAA12AEF11D000C85231 /* Home.swift in Sources */,
				C3656B1B2B1259AD009FAFBA /* CreateStory.swift in Sources */,
				C3656B152B1148B0009FAFBA /* StoryDetails.swift in Sources */,
				C364EAA32AEF126A00C85231 /* StoryList.swift in Sources */,
				C3E5C9D32AE58638000D758C /* MapView.swift in Sources */,
				C3E5C9A92AE5814B000D758C /* MemoryApp.swift in Sources */,
				C3656B0D2B114127009FAFBA /* ModelData.swift in Sources */,
				C3656B132B11488D009FAFBA /* Story.swift in Sources */,
			);
			runOnlyForDeploymentPostprocessing = 0;
		};
		C3E5C9B12AE5814C000D758C /* Sources */ = {
			isa = PBXSourcesBuildPhase;
			buildActionMask = 2147483647;
			files = (
				C3E5C9BA2AE5814C000D758C /* MemoryTests.swift in Sources */,
			);
			runOnlyForDeploymentPostprocessing = 0;
		};
		C3E5C9BB2AE5814C000D758C /* Sources */ = {
			isa = PBXSourcesBuildPhase;
			buildActionMask = 2147483647;
			files = (
				C3E5C9C42AE5814C000D758C /* MemoryUITests.swift in Sources */,
				C3E5C9C62AE5814C000D758C /* MemoryUITestsLaunchTests.swift in Sources */,
			);
			runOnlyForDeploymentPostprocessing = 0;
		};
/* End PBXSourcesBuildPhase section */

/* Begin PBXTargetDependency section */
		C3E5C9B72AE5814C000D758C /* PBXTargetDependency */ = {
			isa = PBXTargetDependency;
			target = C3E5C9A42AE5814B000D758C /* Memory */;
			targetProxy = C3E5C9B62AE5814C000D758C /* PBXContainerItemProxy */;
		};
		C3E5C9C12AE5814C000D758C /* PBXTargetDependency */ = {
			isa = PBXTargetDependency;
			target = C3E5C9A42AE5814B000D758C /* Memory */;
			targetProxy = C3E5C9C02AE5814C000D758C /* PBXContainerItemProxy */;
		};
/* End PBXTargetDependency section */

/* Begin XCBuildConfiguration section */
		C3E5C9C72AE5814C000D758C /* Debug */ = {
			isa = XCBuildConfiguration;
			buildSettings = {
				ALWAYS_SEARCH_USER_PATHS = NO;
				ASSETCATALOG_COMPILER_GENERATE_SWIFT_ASSET_SYMBOL_EXTENSIONS = YES;
				CLANG_ANALYZER_NONNULL = YES;
				CLANG_ANALYZER_NUMBER_OBJECT_CONVERSION = YES_AGGRESSIVE;
				CLANG_CXX_LANGUAGE_STANDARD = "gnu++20";
				CLANG_ENABLE_MODULES = YES;
				CLANG_ENABLE_OBJC_ARC = YES;
				CLANG_ENABLE_OBJC_WEAK = YES;
				CLANG_WARN_BLOCK_CAPTURE_AUTORELEASING = YES;
				CLANG_WARN_BOOL_CONVERSION = YES;
				CLANG_WARN_COMMA = YES;
				CLANG_WARN_CONSTANT_CONVERSION = YES;
				CLANG_WARN_DEPRECATED_OBJC_IMPLEMENTATIONS = YES;
				CLANG_WARN_DIRECT_OBJC_ISA_USAGE = YES_ERROR;
				CLANG_WARN_DOCUMENTATION_COMMENTS = YES;
				CLANG_WARN_EMPTY_BODY = YES;
				CLANG_WARN_ENUM_CONVERSION = YES;
				CLANG_WARN_INFINITE_RECURSION = YES;
				CLANG_WARN_INT_CONVERSION = YES;
				CLANG_WARN_NON_LITERAL_NULL_CONVERSION = YES;
				CLANG_WARN_OBJC_IMPLICIT_RETAIN_SELF = YES;
				CLANG_WARN_OBJC_LITERAL_CONVERSION = YES;
				CLANG_WARN_OBJC_ROOT_CLASS = YES_ERROR;
				CLANG_WARN_QUOTED_INCLUDE_IN_FRAMEWORK_HEADER = YES;
				CLANG_WARN_RANGE_LOOP_ANALYSIS = YES;
				CLANG_WARN_STRICT_PROTOTYPES = YES;
				CLANG_WARN_SUSPICIOUS_MOVE = YES;
				CLANG_WARN_UNGUARDED_AVAILABILITY = YES_AGGRESSIVE;
				CLANG_WARN_UNREACHABLE_CODE = YES;
				CLANG_WARN__DUPLICATE_METHOD_MATCH = YES;
				COPY_PHASE_STRIP = NO;
				DEBUG_INFORMATION_FORMAT = dwarf;
				ENABLE_STRICT_OBJC_MSGSEND = YES;
				ENABLE_TESTABILITY = YES;
				ENABLE_USER_SCRIPT_SANDBOXING = YES;
				GCC_C_LANGUAGE_STANDARD = gnu17;
				GCC_DYNAMIC_NO_PIC = NO;
				GCC_NO_COMMON_BLOCKS = YES;
				GCC_OPTIMIZATION_LEVEL = 0;
				GCC_PREPROCESSOR_DEFINITIONS = (
					"DEBUG=1",
					"$(inherited)",
				);
				GCC_WARN_64_TO_32_BIT_CONVERSION = YES;
				GCC_WARN_ABOUT_RETURN_TYPE = YES_ERROR;
				GCC_WARN_UNDECLARED_SELECTOR = YES;
				GCC_WARN_UNINITIALIZED_AUTOS = YES_AGGRESSIVE;
				GCC_WARN_UNUSED_FUNCTION = YES;
				GCC_WARN_UNUSED_VARIABLE = YES;
				IPHONEOS_DEPLOYMENT_TARGET = 17.0;
				LOCALIZATION_PREFERS_STRING_CATALOGS = YES;
				MTL_ENABLE_DEBUG_INFO = INCLUDE_SOURCE;
				MTL_FAST_MATH = YES;
				ONLY_ACTIVE_ARCH = YES;
				SDKROOT = iphoneos;
				SWIFT_ACTIVE_COMPILATION_CONDITIONS = "DEBUG $(inherited)";
				SWIFT_OPTIMIZATION_LEVEL = "-Onone";
			};
			name = Debug;
		};
		C3E5C9C82AE5814C000D758C /* Release */ = {
			isa = XCBuildConfiguration;
			buildSettings = {
				ALWAYS_SEARCH_USER_PATHS = NO;
				ASSETCATALOG_COMPILER_GENERATE_SWIFT_ASSET_SYMBOL_EXTENSIONS = YES;
				CLANG_ANALYZER_NONNULL = YES;
				CLANG_ANALYZER_NUMBER_OBJECT_CONVERSION = YES_AGGRESSIVE;
				CLANG_CXX_LANGUAGE_STANDARD = "gnu++20";
				CLANG_ENABLE_MODULES = YES;
				CLANG_ENABLE_OBJC_ARC = YES;
				CLANG_ENABLE_OBJC_WEAK = YES;
				CLANG_WARN_BLOCK_CAPTURE_AUTORELEASING = YES;
				CLANG_WARN_BOOL_CONVERSION = YES;
				CLANG_WARN_COMMA = YES;
				CLANG_WARN_CONSTANT_CONVERSION = YES;
				CLANG_WARN_DEPRECATED_OBJC_IMPLEMENTATIONS = YES;
				CLANG_WARN_DIRECT_OBJC_ISA_USAGE = YES_ERROR;
				CLANG_WARN_DOCUMENTATION_COMMENTS = YES;
				CLANG_WARN_EMPTY_BODY = YES;
				CLANG_WARN_ENUM_CONVERSION = YES;
				CLANG_WARN_INFINITE_RECURSION = YES;
				CLANG_WARN_INT_CONVERSION = YES;
				CLANG_WARN_NON_LITERAL_NULL_CONVERSION = YES;
				CLANG_WARN_OBJC_IMPLICIT_RETAIN_SELF = YES;
				CLANG_WARN_OBJC_LITERAL_CONVERSION = YES;
				CLANG_WARN_OBJC_ROOT_CLASS = YES_ERROR;
				CLANG_WARN_QUOTED_INCLUDE_IN_FRAMEWORK_HEADER = YES;
				CLANG_WARN_RANGE_LOOP_ANALYSIS = YES;
				CLANG_WARN_STRICT_PROTOTYPES = YES;
				CLANG_WARN_SUSPICIOUS_MOVE = YES;
				CLANG_WARN_UNGUARDED_AVAILABILITY = YES_AGGRESSIVE;
				CLANG_WARN_UNREACHABLE_CODE = YES;
				CLANG_WARN__DUPLICATE_METHOD_MATCH = YES;
				COPY_PHASE_STRIP = NO;
				DEBUG_INFORMATION_FORMAT = "dwarf-with-dsym";
				ENABLE_NS_ASSERTIONS = NO;
				ENABLE_STRICT_OBJC_MSGSEND = YES;
				ENABLE_USER_SCRIPT_SANDBOXING = YES;
				GCC_C_LANGUAGE_STANDARD = gnu17;
				GCC_NO_COMMON_BLOCKS = YES;
				GCC_WARN_64_TO_32_BIT_CONVERSION = YES;
				GCC_WARN_ABOUT_RETURN_TYPE = YES_ERROR;
				GCC_WARN_UNDECLARED_SELECTOR = YES;
				GCC_WARN_UNINITIALIZED_AUTOS = YES_AGGRESSIVE;
				GCC_WARN_UNUSED_FUNCTION = YES;
				GCC_WARN_UNUSED_VARIABLE = YES;
				IPHONEOS_DEPLOYMENT_TARGET = 17.0;
				LOCALIZATION_PREFERS_STRING_CATALOGS = YES;
				MTL_ENABLE_DEBUG_INFO = NO;
				MTL_FAST_MATH = YES;
				SDKROOT = iphoneos;
				SWIFT_COMPILATION_MODE = wholemodule;
				VALIDATE_PRODUCT = YES;
			};
			name = Release;
		};
		C3E5C9CA2AE5814C000D758C /* Debug */ = {
			isa = XCBuildConfiguration;
			buildSettings = {
				ASSETCATALOG_COMPILER_APPICON_NAME = AppIcon;
				ASSETCATALOG_COMPILER_GLOBAL_ACCENT_COLOR_NAME = AccentColor;
				CODE_SIGN_STYLE = Automatic;
				CURRENT_PROJECT_VERSION = 1;
				DEVELOPMENT_ASSET_PATHS = "\"Memory/Preview Content\"";
				ENABLE_PREVIEWS = YES;
				GENERATE_INFOPLIST_FILE = YES;
				INFOPLIST_KEY_UIApplicationSceneManifest_Generation = YES;
				INFOPLIST_KEY_UIApplicationSupportsIndirectInputEvents = YES;
				INFOPLIST_KEY_UILaunchScreen_Generation = YES;
				INFOPLIST_KEY_UISupportedInterfaceOrientations_iPad = "UIInterfaceOrientationPortrait UIInterfaceOrientationPortraitUpsideDown UIInterfaceOrientationLandscapeLeft UIInterfaceOrientationLandscapeRight";
				INFOPLIST_KEY_UISupportedInterfaceOrientations_iPhone = "UIInterfaceOrientationPortrait UIInterfaceOrientationLandscapeLeft UIInterfaceOrientationLandscapeRight";
				LD_RUNPATH_SEARCH_PATHS = (
					"$(inherited)",
					"@executable_path/Frameworks",
				);
				MARKETING_VERSION = 1.0;
				PRODUCT_BUNDLE_IDENTIFIER = come.tan.Memory;
				PRODUCT_NAME = "$(TARGET_NAME)";
				SWIFT_EMIT_LOC_STRINGS = YES;
				SWIFT_VERSION = 5.0;
				TARGETED_DEVICE_FAMILY = "1,2";
			};
			name = Debug;
		};
		C3E5C9CB2AE5814C000D758C /* Release */ = {
			isa = XCBuildConfiguration;
			buildSettings = {
				ASSETCATALOG_COMPILER_APPICON_NAME = AppIcon;
				ASSETCATALOG_COMPILER_GLOBAL_ACCENT_COLOR_NAME = AccentColor;
				CODE_SIGN_STYLE = Automatic;
				CURRENT_PROJECT_VERSION = 1;
				DEVELOPMENT_ASSET_PATHS = "\"Memory/Preview Content\"";
				ENABLE_PREVIEWS = YES;
				GENERATE_INFOPLIST_FILE = YES;
				INFOPLIST_KEY_UIApplicationSceneManifest_Generation = YES;
				INFOPLIST_KEY_UIApplicationSupportsIndirectInputEvents = YES;
				INFOPLIST_KEY_UILaunchScreen_Generation = YES;
				INFOPLIST_KEY_UISupportedInterfaceOrientations_iPad = "UIInterfaceOrientationPortrait UIInterfaceOrientationPortraitUpsideDown UIInterfaceOrientationLandscapeLeft UIInterfaceOrientationLandscapeRight";
				INFOPLIST_KEY_UISupportedInterfaceOrientations_iPhone = "UIInterfaceOrientationPortrait UIInterfaceOrientationLandscapeLeft UIInterfaceOrientationLandscapeRight";
				LD_RUNPATH_SEARCH_PATHS = (
					"$(inherited)",
					"@executable_path/Frameworks",
				);
				MARKETING_VERSION = 1.0;
				PRODUCT_BUNDLE_IDENTIFIER = come.tan.Memory;
				PRODUCT_NAME = "$(TARGET_NAME)";
				SWIFT_EMIT_LOC_STRINGS = YES;
				SWIFT_VERSION = 5.0;
				TARGETED_DEVICE_FAMILY = "1,2";
			};
			name = Release;
		};
		C3E5C9CD2AE5814C000D758C /* Debug */ = {
			isa = XCBuildConfiguration;
			buildSettings = {
				ALWAYS_EMBED_SWIFT_STANDARD_LIBRARIES = YES;
				BUNDLE_LOADER = "$(TEST_HOST)";
				CODE_SIGN_STYLE = Automatic;
				CURRENT_PROJECT_VERSION = 1;
				GENERATE_INFOPLIST_FILE = YES;
				IPHONEOS_DEPLOYMENT_TARGET = 17.0;
				MARKETING_VERSION = 1.0;
				PRODUCT_BUNDLE_IDENTIFIER = come.tan.MemoryTests;
				PRODUCT_NAME = "$(TARGET_NAME)";
				SWIFT_EMIT_LOC_STRINGS = NO;
				SWIFT_VERSION = 5.0;
				TARGETED_DEVICE_FAMILY = "1,2";
				TEST_HOST = "$(BUILT_PRODUCTS_DIR)/Memory.app/$(BUNDLE_EXECUTABLE_FOLDER_PATH)/Memory";
			};
			name = Debug;
		};
		C3E5C9CE2AE5814C000D758C /* Release */ = {
			isa = XCBuildConfiguration;
			buildSettings = {
				ALWAYS_EMBED_SWIFT_STANDARD_LIBRARIES = YES;
				BUNDLE_LOADER = "$(TEST_HOST)";
				CODE_SIGN_STYLE = Automatic;
				CURRENT_PROJECT_VERSION = 1;
				GENERATE_INFOPLIST_FILE = YES;
				IPHONEOS_DEPLOYMENT_TARGET = 17.0;
				MARKETING_VERSION = 1.0;
				PRODUCT_BUNDLE_IDENTIFIER = come.tan.MemoryTests;
				PRODUCT_NAME = "$(TARGET_NAME)";
				SWIFT_EMIT_LOC_STRINGS = NO;
				SWIFT_VERSION = 5.0;
				TARGETED_DEVICE_FAMILY = "1,2";
				TEST_HOST = "$(BUILT_PRODUCTS_DIR)/Memory.app/$(BUNDLE_EXECUTABLE_FOLDER_PATH)/Memory";
			};
			name = Release;
		};
		C3E5C9D02AE5814C000D758C /* Debug */ = {
			isa = XCBuildConfiguration;
			buildSettings = {
				ALWAYS_EMBED_SWIFT_STANDARD_LIBRARIES = YES;
				CODE_SIGN_STYLE = Automatic;
				CURRENT_PROJECT_VERSION = 1;
				GENERATE_INFOPLIST_FILE = YES;
				MARKETING_VERSION = 1.0;
				PRODUCT_BUNDLE_IDENTIFIER = come.tan.MemoryUITests;
				PRODUCT_NAME = "$(TARGET_NAME)";
				SWIFT_EMIT_LOC_STRINGS = NO;
				SWIFT_VERSION = 5.0;
				TARGETED_DEVICE_FAMILY = "1,2";
				TEST_TARGET_NAME = Memory;
			};
			name = Debug;
		};
		C3E5C9D12AE5814C000D758C /* Release */ = {
			isa = XCBuildConfiguration;
			buildSettings = {
				ALWAYS_EMBED_SWIFT_STANDARD_LIBRARIES = YES;
				CODE_SIGN_STYLE = Automatic;
				CURRENT_PROJECT_VERSION = 1;
				GENERATE_INFOPLIST_FILE = YES;
				MARKETING_VERSION = 1.0;
				PRODUCT_BUNDLE_IDENTIFIER = come.tan.MemoryUITests;
				PRODUCT_NAME = "$(TARGET_NAME)";
				SWIFT_EMIT_LOC_STRINGS = NO;
				SWIFT_VERSION = 5.0;
				TARGETED_DEVICE_FAMILY = "1,2";
				TEST_TARGET_NAME = Memory;
			};
			name = Release;
		};
/* End XCBuildConfiguration section */

/* Begin XCConfigurationList section */
		C3E5C9A02AE5814B000D758C /* Build configuration list for PBXProject "Memory" */ = {
			isa = XCConfigurationList;
			buildConfigurations = (
				C3E5C9C72AE5814C000D758C /* Debug */,
				C3E5C9C82AE5814C000D758C /* Release */,
			);
			defaultConfigurationIsVisible = 0;
			defaultConfigurationName = Release;
		};
		C3E5C9C92AE5814C000D758C /* Build configuration list for PBXNativeTarget "Memory" */ = {
			isa = XCConfigurationList;
			buildConfigurations = (
				C3E5C9CA2AE5814C000D758C /* Debug */,
				C3E5C9CB2AE5814C000D758C /* Release */,
			);
			defaultConfigurationIsVisible = 0;
			defaultConfigurationName = Release;
		};
		C3E5C9CC2AE5814C000D758C /* Build configuration list for PBXNativeTarget "MemoryTests" */ = {
			isa = XCConfigurationList;
			buildConfigurations = (
				C3E5C9CD2AE5814C000D758C /* Debug */,
				C3E5C9CE2AE5814C000D758C /* Release */,
			);
			defaultConfigurationIsVisible = 0;
			defaultConfigurationName = Release;
		};
		C3E5C9CF2AE5814C000D758C /* Build configuration list for PBXNativeTarget "MemoryUITests" */ = {
			isa = XCConfigurationList;
			buildConfigurations = (
				C3E5C9D02AE5814C000D758C /* Debug */,
				C3E5C9D12AE5814C000D758C /* Release */,
			);
			defaultConfigurationIsVisible = 0;
			defaultConfigurationName = Release;
		};
/* End XCConfigurationList section */
	};
	rootObject = C3E5C99D2AE5814B000D758C /* Project object */;
}
